{
  "nodes": {
    "flakelight": {
      "inputs": {
        "nixpkgs": [
          "nixpkgs"
        ]
      },
      "locked": {
        "lastModified": 1718627666,
        "narHash": "sha256-FApaQJzwWMrPwkiFnSPX8cOQ1wIjmJTqsORzLNjmjrY=",
        "owner": "nix-community",
        "repo": "flakelight",
        "rev": "9f485e41ff81cc078a553f6b553ed5e1b86384ac",
        "type": "github"
      },
      "original": {
        "owner": "nix-community",
        "repo": "flakelight",
        "type": "github"
      }
    },
    "nixpkgs": {
      "locked": {
        "lastModified": 1719075281,
        "narHash": "sha256-CyyxvOwFf12I91PBWz43iGT1kjsf5oi6ax7CrvaMyAo=",
        "owner": "NixOS",
        "repo": "nixpkgs",
        "rev": "a71e967ef3694799d0c418c98332f7ff4cc5f6af",
        "type": "github"
      },
      "original": {
        "owner": "NixOS",
        "ref": "nixos-unstable",
        "repo": "nixpkgs",
        "type": "github"
      }
    },
    "root": {
      "inputs": {
        "flakelight": "flakelight",
        "nixpkgs": "nixpkgs"
      }
    }
  },
  "root": "root",
  "version": 7
}
